
Microsoft Visual Studio Solution File, Format Version 12.00
# Visual Studio Version 17
VisualStudioVersion = 17.6.33706.43
MinimumVisualStudioVersion = 10.0.40219.1
Project("{9A19103F-16F7-4668-BE54-9A1E7A4F7556}") = "Graph", "Graph\Graph.csproj", "{20C6A508-10F3-4C6D-A21D-A08769A2D2D6}"
EndProject
Project("{9A19103F-16F7-4668-BE54-9A1E7A4F7556}") = "DynamicProgramming", "DynamicProgramming\DynamicProgramming.csproj", "{80B34501-3F8E-4713-8CF9-E53C8A47798F}"
EndProject
Project("{9A19103F-16F7-4668-BE54-9A1E7A4F7556}") = "HardQuestion", "HardQuestion\HardQuestion.csproj", "{3E6E0193-F91D-4583-8227-5D294E1314D9}"
EndProject
Project("{9A19103F-16F7-4668-BE54-9A1E7A4F7556}") = "BackTracking", "BackTracking\BackTracking.csproj", "{9694158C-146F-47C8-A7CF-81F11C6139D2}"
EndProject
Project("{FAE04EC0-301F-11D3-BF4B-00C04F79EFBC}") = "CSharpDataStructure", "CSharpDataStructure\CSharpDataStructure.csproj", "{5C1C1D6C-E261-46CE-A152-7578E13F65EE}"
EndProject
Global
	GlobalSection(SolutionConfigurationPlatforms) = preSolution
		Debug|Any CPU = Debug|Any CPU
		Release|Any CPU = Release|Any CPU
	EndGlobalSection
	GlobalSection(ProjectConfigurationPlatforms) = postSolution
		{20C6A508-10F3-4C6D-A21D-A08769A2D2D6}.Debug|Any CPU.ActiveCfg = Debug|Any CPU
		{20C6A508-10F3-4C6D-A21D-A08769A2D2D6}.Debug|Any CPU.Build.0 = Debug|Any CPU
		{20C6A508-10F3-4C6D-A21D-A08769A2D2D6}.Release|Any CPU.ActiveCfg = Release|Any CPU
		{20C6A508-10F3-4C6D-A21D-A08769A2D2D6}.Release|Any CPU.Build.0 = Release|Any CPU
		{80B34501-3F8E-4713-8CF9-E53C8A47798F}.Debug|Any CPU.ActiveCfg = Debug|Any CPU
		{80B34501-3F8E-4713-8CF9-E53C8A47798F}.Debug|Any CPU.Build.0 = Debug|Any CPU
		{80B34501-3F8E-4713-8CF9-E53C8A47798F}.Release|Any CPU.ActiveCfg = Release|Any CPU
		{80B34501-3F8E-4713-8CF9-E53C8A47798F}.Release|Any CPU.Build.0 = Release|Any CPU
		{3E6E0193-F91D-4583-8227-5D294E1314D9}.Debug|Any CPU.ActiveCfg = Debug|Any CPU
		{3E6E0193-F91D-4583-8227-5D294E1314D9}.Debug|Any CPU.Build.0 = Debug|Any CPU
		{3E6E0193-F91D-4583-8227-5D294E1314D9}.Release|Any CPU.ActiveCfg = Release|Any CPU
		{3E6E0193-F91D-4583-8227-5D294E1314D9}.Release|Any CPU.Build.0 = Release|Any CPU
		{9694158C-146F-47C8-A7CF-81F11C6139D2}.Debug|Any CPU.ActiveCfg = Debug|Any CPU
		{9694158C-146F-47C8-A7CF-81F11C6139D2}.Debug|Any CPU.Build.0 = Debug|Any CPU
		{9694158C-146F-47C8-A7CF-81F11C6139D2}.Release|Any CPU.ActiveCfg = Release|Any CPU
		{9694158C-146F-47C8-A7CF-81F11C6139D2}.Release|Any CPU.Build.0 = Release|Any CPU
		{5C1C1D6C-E261-46CE-A152-7578E13F65EE}.Debug|Any CPU.ActiveCfg = Debug|Any CPU
		{5C1C1D6C-E261-46CE-A152-7578E13F65EE}.Debug|Any CPU.Build.0 = Debug|Any CPU
		{5C1C1D6C-E261-46CE-A152-7578E13F65EE}.Release|Any CPU.ActiveCfg = Release|Any CPU
		{5C1C1D6C-E261-46CE-A152-7578E13F65EE}.Release|Any CPU.Build.0 = Release|Any CPU
	EndGlobalSection
	GlobalSection(SolutionProperties) = preSolution
		HideSolutionNode = FALSE
	EndGlobalSection
	GlobalSection(ExtensibilityGlobals) = postSolution
		SolutionGuid = {422FB64B-CF49-4566-BF01-F11B5C3BF2D9}
	EndGlobalSection
EndGlobal
