
Microsoft Visual Studio Solution File, Format Version 12.00
# Visual Studio Version 17
VisualStudioVersion = 17.6.33706.43
MinimumVisualStudioVersion = 10.0.40219.1
Project("{FAE04EC0-301F-11D3-BF4B-00C04F79EFBC}") = "TestingApp", "TestingApp.csproj", "{9829723D-6C3C-412D-AE8C-503FEB66A487}"
EndProject
Global
	GlobalSection(SolutionConfigurationPlatforms) = preSolution
		Debug|Any CPU = Debug|Any CPU
		Release|Any CPU = Release|Any CPU
	EndGlobalSection
	GlobalSection(ProjectConfigurationPlatforms) = postSolution
		{9829723D-6C3C-412D-AE8C-503FEB66A487}.Debug|Any CPU.ActiveCfg = Debug|Any CPU
		{9829723D-6C3C-412D-AE8C-503FEB66A487}.Debug|Any CPU.Build.0 = Debug|Any CPU
		{9829723D-6C3C-412D-AE8C-503FEB66A487}.Release|Any CPU.ActiveCfg = Release|Any CPU
		{9829723D-6C3C-412D-AE8C-503FEB66A487}.Release|Any CPU.Build.0 = Release|Any CPU
	EndGlobalSection
	GlobalSection(SolutionProperties) = preSolution
		HideSolutionNode = FALSE
	EndGlobalSection
	GlobalSection(ExtensibilityGlobals) = postSolution
		SolutionGuid = {53E4861E-90BC-411E-B41C-7FE5A4263A0E}
	EndGlobalSection
EndGlobal
